// !$*UTF8*$!
{
	archiveVersion = 1;
	classes = {
	};
	objectVersion = 55;
	objects = {

/* Begin PBXBuildFile section */
		382ABFF4276C6DD900F92710 /* getList.swift in Sources */ = {isa = PBXBuildFile; fileRef = 382ABFF3276C6DD900F92710 /* getList.swift */; };
		383B832C2784414D00FE6363 /* AccountInfoForCell.swift in Sources */ = {isa = PBXBuildFile; fileRef = 383B832B2784414D00FE6363 /* AccountInfoForCell.swift */; };
		388669AF277DA25B00A12FD2 /* ColorChooseViewController.swift in Sources */ = {isa = PBXBuildFile; fileRef = 388669AE277DA25B00A12FD2 /* ColorChooseViewController.swift */; };
		388669B1277DA27C00A12FD2 /* ColorCell.swift in Sources */ = {isa = PBXBuildFile; fileRef = 388669B0277DA27C00A12FD2 /* ColorCell.swift */; };
		38B226B527716D5200F7FDD7 /* userInfo.swift in Sources */ = {isa = PBXBuildFile; fileRef = 38B226B427716D5200F7FDD7 /* userInfo.swift */; };
		38B226B727718DC600F7FDD7 /* Accounts.swift in Sources */ = {isa = PBXBuildFile; fileRef = 38B226B627718DC600F7FDD7 /* Accounts.swift */; };
		38B226C22771B9A300F7FDD7 /* TranferBody.swift in Sources */ = {isa = PBXBuildFile; fileRef = 38B226C12771B9A300F7FDD7 /* TranferBody.swift */; };
		38B226C42771B9AE00F7FDD7 /* TransferResult.swift in Sources */ = {isa = PBXBuildFile; fileRef = 38B226C32771B9AE00F7FDD7 /* TransferResult.swift */; };
		38B226C62771B9BE00F7FDD7 /* TransferModel.swift in Sources */ = {isa = PBXBuildFile; fileRef = 38B226C52771B9BE00F7FDD7 /* TransferModel.swift */; };
		38B226C82771BE9200F7FDD7 /* SetAccountNumberViewController.swift in Sources */ = {isa = PBXBuildFile; fileRef = 38B226C72771BE9200F7FDD7 /* SetAccountNumberViewController.swift */; };
		38B226CD2771C7C300F7FDD7 /* NumberCell.swift in Sources */ = {isa = PBXBuildFile; fileRef = 38B226CC2771C7C300F7FDD7 /* NumberCell.swift */; };
		3C059B5D27683359003FB4D0 /* OTPBody.swift in Sources */ = {isa = PBXBuildFile; fileRef = 3C059B5C27683359003FB4D0 /* OTPBody.swift */; };
		3C059B60276833ED003FB4D0 /* OTPResult.swift in Sources */ = {isa = PBXBuildFile; fileRef = 3C059B5F276833ED003FB4D0 /* OTPResult.swift */; };
		3C059B622768340C003FB4D0 /* OTPModel.swift in Sources */ = {isa = PBXBuildFile; fileRef = 3C059B612768340C003FB4D0 /* OTPModel.swift */; };
		3C2249DF2767306D00DD10EE /* DetailFuncs.swift in Sources */ = {isa = PBXBuildFile; fileRef = 3C2249DE2767306D00DD10EE /* DetailFuncs.swift */; };
		3C2447AC2761E57A001D2215 /* AccountList.swift in Sources */ = {isa = PBXBuildFile; fileRef = 3C2447AB2761E57A001D2215 /* AccountList.swift */; };
		3C2447AF2761E5EE001D2215 /* AccountListModel.swift in Sources */ = {isa = PBXBuildFile; fileRef = 3C2447AE2761E5EE001D2215 /* AccountListModel.swift */; };
		3C95E506275856340007B483 /* AppDelegate.swift in Sources */ = {isa = PBXBuildFile; fileRef = 3C95E505275856340007B483 /* AppDelegate.swift */; };
		3C95E508275856340007B483 /* SceneDelegate.swift in Sources */ = {isa = PBXBuildFile; fileRef = 3C95E507275856340007B483 /* SceneDelegate.swift */; };
		3C95E50D275856340007B483 /* Main.storyboard in Resources */ = {isa = PBXBuildFile; fileRef = 3C95E50B275856340007B483 /* Main.storyboard */; };
		3C95E50F275856350007B483 /* Assets.xcassets in Resources */ = {isa = PBXBuildFile; fileRef = 3C95E50E275856350007B483 /* Assets.xcassets */; };
		3C95E512275856350007B483 /* LaunchScreen.storyboard in Resources */ = {isa = PBXBuildFile; fileRef = 3C95E510275856350007B483 /* LaunchScreen.storyboard */; };
		3C95E51D275856350007B483 /* CastisBankTestTests.swift in Sources */ = {isa = PBXBuildFile; fileRef = 3C95E51C275856350007B483 /* CastisBankTestTests.swift */; };
		3C95E527275856350007B483 /* CastisBankTestUITests.swift in Sources */ = {isa = PBXBuildFile; fileRef = 3C95E526275856350007B483 /* CastisBankTestUITests.swift */; };
		3C95E529275856350007B483 /* CastisBankTestUITestsLaunchTests.swift in Sources */ = {isa = PBXBuildFile; fileRef = 3C95E528275856350007B483 /* CastisBankTestUITestsLaunchTests.swift */; };
		3C95E53C275882060007B483 /* HomePageViewController.swift in Sources */ = {isa = PBXBuildFile; fileRef = 3C95E53B275882060007B483 /* HomePageViewController.swift */; };
		3C95E53E275882240007B483 /* EditAccountOrderViewController.swift in Sources */ = {isa = PBXBuildFile; fileRef = 3C95E53D275882240007B483 /* EditAccountOrderViewController.swift */; };
		3C95E540275882500007B483 /* AccountUseViewController.swift in Sources */ = {isa = PBXBuildFile; fileRef = 3C95E53F275882500007B483 /* AccountUseViewController.swift */; };
		3C95E542275882BC0007B483 /* SetFilterViewController.swift in Sources */ = {isa = PBXBuildFile; fileRef = 3C95E541275882BC0007B483 /* SetFilterViewController.swift */; };
		3C95E544275882D40007B483 /* UseDetailViewController.swift in Sources */ = {isa = PBXBuildFile; fileRef = 3C95E543275882D40007B483 /* UseDetailViewController.swift */; };
		3C95E546275882EA0007B483 /* SetRecieverViewController.swift in Sources */ = {isa = PBXBuildFile; fileRef = 3C95E545275882EA0007B483 /* SetRecieverViewController.swift */; };
		3C95E548275883020007B483 /* SetSendingAmountViewController.swift in Sources */ = {isa = PBXBuildFile; fileRef = 3C95E547275883020007B483 /* SetSendingAmountViewController.swift */; };
		3C95E54A275883130007B483 /* SetSendingMemoViewController.swift in Sources */ = {isa = PBXBuildFile; fileRef = 3C95E549275883130007B483 /* SetSendingMemoViewController.swift */; };
		3C95E54C2758833D0007B483 /* SeekTransferConsentViewController.swift in Sources */ = {isa = PBXBuildFile; fileRef = 3C95E54B2758833D0007B483 /* SeekTransferConsentViewController.swift */; };
		3C95E54E275883580007B483 /* PutTransferPasswordViewController.swift in Sources */ = {isa = PBXBuildFile; fileRef = 3C95E54D275883580007B483 /* PutTransferPasswordViewController.swift */; };
		3C95E550275883670007B483 /* TransferSuccessViewController.swift in Sources */ = {isa = PBXBuildFile; fileRef = 3C95E54F275883670007B483 /* TransferSuccessViewController.swift */; };
		3C95E555275895F10007B483 /*  MainAccountCell.swift in Sources */ = {isa = PBXBuildFile; fileRef = 3C95E554275895F10007B483 /*  MainAccountCell.swift */; };
		3C95E557275896060007B483 /* EditOrderCell.swift in Sources */ = {isa = PBXBuildFile; fileRef = 3C95E556275896060007B483 /* EditOrderCell.swift */; };
		3C95E559275896810007B483 /* TransferedAccountInfoCell.swift in Sources */ = {isa = PBXBuildFile; fileRef = 3C95E558275896810007B483 /* TransferedAccountInfoCell.swift */; };
		3C95E55B275896B50007B483 /* SetOrderCell.swift in Sources */ = {isa = PBXBuildFile; fileRef = 3C95E55A275896B50007B483 /* SetOrderCell.swift */; };
		3C95E55E275896F50007B483 /* SelectedInfoCell.swift in Sources */ = {isa = PBXBuildFile; fileRef = 3C95E55D275896F50007B483 /* SelectedInfoCell.swift */; };
		3C95E560275897230007B483 /* SetFilterCell.swift in Sources */ = {isa = PBXBuildFile; fileRef = 3C95E55F275897230007B483 /* SetFilterCell.swift */; };
		3C95E562275897340007B483 /* TransferHistoryCell.swift in Sources */ = {isa = PBXBuildFile; fileRef = 3C95E561275897340007B483 /* TransferHistoryCell.swift */; };
		3C95E564275897590007B483 /* SelectedFilterCell.swift in Sources */ = {isa = PBXBuildFile; fileRef = 3C95E563275897590007B483 /* SelectedFilterCell.swift */; };
		3C95E566275899D20007B483 /* DetailTransferInfoCell.swift in Sources */ = {isa = PBXBuildFile; fileRef = 3C95E565275899D20007B483 /* DetailTransferInfoCell.swift */; };
		3C9B17A8276073CB006F8517 /* ControlEnums.swift in Sources */ = {isa = PBXBuildFile; fileRef = 3C9B17A7276073CB006F8517 /* ControlEnums.swift */; };
		3CA8E2A72759D4AB00F7478E /* Colorchip.swift in Sources */ = {isa = PBXBuildFile; fileRef = 3CA8E2A62759D4AB00F7478E /* Colorchip.swift */; };
		3CA8E2AF2759FD2100F7478E /* UIKitFuncs.swift in Sources */ = {isa = PBXBuildFile; fileRef = 3CA8E2AE2759FD2100F7478E /* UIKitFuncs.swift */; };
		3CBDEF6C275E00C70014308A /* ApplyFilterCell.swift in Sources */ = {isa = PBXBuildFile; fileRef = 3CBDEF6B275E00C70014308A /* ApplyFilterCell.swift */; };
		3CC5B4552768732D0000A9A3 /* AccountHistoryBody.swift in Sources */ = {isa = PBXBuildFile; fileRef = 3CC5B4542768732D0000A9A3 /* AccountHistoryBody.swift */; };
		3CC5B457276873CB0000A9A3 /* AccountHistoryList.swift in Sources */ = {isa = PBXBuildFile; fileRef = 3CC5B456276873CB0000A9A3 /* AccountHistoryList.swift */; };
		3CC5B4592768741B0000A9A3 /* AccountHistoryService.swift in Sources */ = {isa = PBXBuildFile; fileRef = 3CC5B4582768741B0000A9A3 /* AccountHistoryService.swift */; };
		3CC5B45B2768744F0000A9A3 /* AccountHistoryModel.swift in Sources */ = {isa = PBXBuildFile; fileRef = 3CC5B45A2768744F0000A9A3 /* AccountHistoryModel.swift */; };
		3CDF96CA27673A0000928066 /* DecodedAccountList.swift in Sources */ = {isa = PBXBuildFile; fileRef = 3CDF96C927673A0000928066 /* DecodedAccountList.swift */; };
/* End PBXBuildFile section */

/* Begin PBXContainerItemProxy section */
		3C95E519275856350007B483 /* PBXContainerItemProxy */ = {
			isa = PBXContainerItemProxy;
			containerPortal = 3C95E4FA275856340007B483 /* Project object */;
			proxyType = 1;
			remoteGlobalIDString = 3C95E501275856340007B483;
			remoteInfo = CastisBankTest;
		};
		3C95E523275856350007B483 /* PBXContainerItemProxy */ = {
			isa = PBXContainerItemProxy;
			containerPortal = 3C95E4FA275856340007B483 /* Project object */;
			proxyType = 1;
			remoteGlobalIDString = 3C95E501275856340007B483;
			remoteInfo = CastisBankTest;
		};
/* End PBXContainerItemProxy section */

/* Begin PBXFileReference section */
		382ABFF3276C6DD900F92710 /* getList.swift */ = {isa = PBXFileReference; lastKnownFileType = sourcecode.swift; path = getList.swift; sourceTree = "<group>"; };
		383B832B2784414D00FE6363 /* AccountInfoForCell.swift */ = {isa = PBXFileReference; lastKnownFileType = sourcecode.swift; path = AccountInfoForCell.swift; sourceTree = "<group>"; };
		388669AE277DA25B00A12FD2 /* ColorChooseViewController.swift */ = {isa = PBXFileReference; lastKnownFileType = sourcecode.swift; path = ColorChooseViewController.swift; sourceTree = "<group>"; };
		388669B0277DA27C00A12FD2 /* ColorCell.swift */ = {isa = PBXFileReference; lastKnownFileType = sourcecode.swift; path = ColorCell.swift; sourceTree = "<group>"; };
		38B226B427716D5200F7FDD7 /* userInfo.swift */ = {isa = PBXFileReference; lastKnownFileType = sourcecode.swift; path = userInfo.swift; sourceTree = "<group>"; };
		38B226B627718DC600F7FDD7 /* Accounts.swift */ = {isa = PBXFileReference; lastKnownFileType = sourcecode.swift; path = Accounts.swift; sourceTree = "<group>"; };
		38B226C12771B9A300F7FDD7 /* TranferBody.swift */ = {isa = PBXFileReference; lastKnownFileType = sourcecode.swift; path = TranferBody.swift; sourceTree = "<group>"; };
		38B226C32771B9AE00F7FDD7 /* TransferResult.swift */ = {isa = PBXFileReference; lastKnownFileType = sourcecode.swift; path = TransferResult.swift; sourceTree = "<group>"; };
		38B226C52771B9BE00F7FDD7 /* TransferModel.swift */ = {isa = PBXFileReference; lastKnownFileType = sourcecode.swift; path = TransferModel.swift; sourceTree = "<group>"; };
		38B226C72771BE9200F7FDD7 /* SetAccountNumberViewController.swift */ = {isa = PBXFileReference; lastKnownFileType = sourcecode.swift; path = SetAccountNumberViewController.swift; sourceTree = "<group>"; };
		38B226CC2771C7C300F7FDD7 /* NumberCell.swift */ = {isa = PBXFileReference; lastKnownFileType = sourcecode.swift; path = NumberCell.swift; sourceTree = "<group>"; };
		3C059B5C27683359003FB4D0 /* OTPBody.swift */ = {isa = PBXFileReference; lastKnownFileType = sourcecode.swift; path = OTPBody.swift; sourceTree = "<group>"; };
		3C059B5F276833ED003FB4D0 /* OTPResult.swift */ = {isa = PBXFileReference; lastKnownFileType = sourcecode.swift; path = OTPResult.swift; sourceTree = "<group>"; };
		3C059B612768340C003FB4D0 /* OTPModel.swift */ = {isa = PBXFileReference; lastKnownFileType = sourcecode.swift; path = OTPModel.swift; sourceTree = "<group>"; };
		3C2249DE2767306D00DD10EE /* DetailFuncs.swift */ = {isa = PBXFileReference; lastKnownFileType = sourcecode.swift; path = DetailFuncs.swift; sourceTree = "<group>"; };
		3C2447AB2761E57A001D2215 /* AccountList.swift */ = {isa = PBXFileReference; lastKnownFileType = sourcecode.swift; path = AccountList.swift; sourceTree = "<group>"; };
		3C2447AE2761E5EE001D2215 /* AccountListModel.swift */ = {isa = PBXFileReference; lastKnownFileType = sourcecode.swift; path = AccountListModel.swift; sourceTree = "<group>"; };
		3C95E502275856340007B483 /* CastisBankTest.app */ = {isa = PBXFileReference; explicitFileType = wrapper.application; includeInIndex = 0; path = CastisBankTest.app; sourceTree = BUILT_PRODUCTS_DIR; };
		3C95E505275856340007B483 /* AppDelegate.swift */ = {isa = PBXFileReference; lastKnownFileType = sourcecode.swift; path = AppDelegate.swift; sourceTree = "<group>"; };
		3C95E507275856340007B483 /* SceneDelegate.swift */ = {isa = PBXFileReference; lastKnownFileType = sourcecode.swift; path = SceneDelegate.swift; sourceTree = "<group>"; };
		3C95E50C275856340007B483 /* Base */ = {isa = PBXFileReference; lastKnownFileType = file.storyboard; name = Base; path = Base.lproj/Main.storyboard; sourceTree = "<group>"; };
		3C95E50E275856350007B483 /* Assets.xcassets */ = {isa = PBXFileReference; lastKnownFileType = folder.assetcatalog; path = Assets.xcassets; sourceTree = "<group>"; };
		3C95E511275856350007B483 /* Base */ = {isa = PBXFileReference; lastKnownFileType = file.storyboard; name = Base; path = Base.lproj/LaunchScreen.storyboard; sourceTree = "<group>"; };
		3C95E513275856350007B483 /* Info.plist */ = {isa = PBXFileReference; lastKnownFileType = text.plist.xml; path = Info.plist; sourceTree = "<group>"; };
		3C95E518275856350007B483 /* CastisBankTestTests.xctest */ = {isa = PBXFileReference; explicitFileType = wrapper.cfbundle; includeInIndex = 0; path = CastisBankTestTests.xctest; sourceTree = BUILT_PRODUCTS_DIR; };
		3C95E51C275856350007B483 /* CastisBankTestTests.swift */ = {isa = PBXFileReference; lastKnownFileType = sourcecode.swift; path = CastisBankTestTests.swift; sourceTree = "<group>"; };
		3C95E522275856350007B483 /* CastisBankTestUITests.xctest */ = {isa = PBXFileReference; explicitFileType = wrapper.cfbundle; includeInIndex = 0; path = CastisBankTestUITests.xctest; sourceTree = BUILT_PRODUCTS_DIR; };
		3C95E526275856350007B483 /* CastisBankTestUITests.swift */ = {isa = PBXFileReference; lastKnownFileType = sourcecode.swift; path = CastisBankTestUITests.swift; sourceTree = "<group>"; };
		3C95E528275856350007B483 /* CastisBankTestUITestsLaunchTests.swift */ = {isa = PBXFileReference; lastKnownFileType = sourcecode.swift; path = CastisBankTestUITestsLaunchTests.swift; sourceTree = "<group>"; };
		3C95E53B275882060007B483 /* HomePageViewController.swift */ = {isa = PBXFileReference; lastKnownFileType = sourcecode.swift; path = HomePageViewController.swift; sourceTree = "<group>"; };
		3C95E53D275882240007B483 /* EditAccountOrderViewController.swift */ = {isa = PBXFileReference; lastKnownFileType = sourcecode.swift; path = EditAccountOrderViewController.swift; sourceTree = "<group>"; };
		3C95E53F275882500007B483 /* AccountUseViewController.swift */ = {isa = PBXFileReference; lastKnownFileType = sourcecode.swift; path = AccountUseViewController.swift; sourceTree = "<group>"; };
		3C95E541275882BC0007B483 /* SetFilterViewController.swift */ = {isa = PBXFileReference; lastKnownFileType = sourcecode.swift; path = SetFilterViewController.swift; sourceTree = "<group>"; };
		3C95E543275882D40007B483 /* UseDetailViewController.swift */ = {isa = PBXFileReference; lastKnownFileType = sourcecode.swift; path = UseDetailViewController.swift; sourceTree = "<group>"; };
		3C95E545275882EA0007B483 /* SetRecieverViewController.swift */ = {isa = PBXFileReference; lastKnownFileType = sourcecode.swift; path = SetRecieverViewController.swift; sourceTree = "<group>"; };
		3C95E547275883020007B483 /* SetSendingAmountViewController.swift */ = {isa = PBXFileReference; lastKnownFileType = sourcecode.swift; path = SetSendingAmountViewController.swift; sourceTree = "<group>"; };
		3C95E549275883130007B483 /* SetSendingMemoViewController.swift */ = {isa = PBXFileReference; lastKnownFileType = sourcecode.swift; path = SetSendingMemoViewController.swift; sourceTree = "<group>"; };
		3C95E54B2758833D0007B483 /* SeekTransferConsentViewController.swift */ = {isa = PBXFileReference; lastKnownFileType = sourcecode.swift; path = SeekTransferConsentViewController.swift; sourceTree = "<group>"; };
		3C95E54D275883580007B483 /* PutTransferPasswordViewController.swift */ = {isa = PBXFileReference; lastKnownFileType = sourcecode.swift; path = PutTransferPasswordViewController.swift; sourceTree = "<group>"; };
		3C95E54F275883670007B483 /* TransferSuccessViewController.swift */ = {isa = PBXFileReference; lastKnownFileType = sourcecode.swift; path = TransferSuccessViewController.swift; sourceTree = "<group>"; };
		3C95E554275895F10007B483 /*  MainAccountCell.swift */ = {isa = PBXFileReference; lastKnownFileType = sourcecode.swift; path = " MainAccountCell.swift"; sourceTree = "<group>"; };
		3C95E556275896060007B483 /* EditOrderCell.swift */ = {isa = PBXFileReference; lastKnownFileType = sourcecode.swift; path = EditOrderCell.swift; sourceTree = "<group>"; };
		3C95E558275896810007B483 /* TransferedAccountInfoCell.swift */ = {isa = PBXFileReference; lastKnownFileType = sourcecode.swift; path = TransferedAccountInfoCell.swift; sourceTree = "<group>"; };
		3C95E55A275896B50007B483 /* SetOrderCell.swift */ = {isa = PBXFileReference; lastKnownFileType = sourcecode.swift; path = SetOrderCell.swift; sourceTree = "<group>"; };
		3C95E55D275896F50007B483 /* SelectedInfoCell.swift */ = {isa = PBXFileReference; lastKnownFileType = sourcecode.swift; path = SelectedInfoCell.swift; sourceTree = "<group>"; };
		3C95E55F275897230007B483 /* SetFilterCell.swift */ = {isa = PBXFileReference; lastKnownFileType = sourcecode.swift; path = SetFilterCell.swift; sourceTree = "<group>"; };
		3C95E561275897340007B483 /* TransferHistoryCell.swift */ = {isa = PBXFileReference; lastKnownFileType = sourcecode.swift; path = TransferHistoryCell.swift; sourceTree = "<group>"; };
		3C95E563275897590007B483 /* SelectedFilterCell.swift */ = {isa = PBXFileReference; lastKnownFileType = sourcecode.swift; path = SelectedFilterCell.swift; sourceTree = "<group>"; };
		3C95E565275899D20007B483 /* DetailTransferInfoCell.swift */ = {isa = PBXFileReference; lastKnownFileType = sourcecode.swift; path = DetailTransferInfoCell.swift; sourceTree = "<group>"; };
		3C9B17A7276073CB006F8517 /* ControlEnums.swift */ = {isa = PBXFileReference; lastKnownFileType = sourcecode.swift; path = ControlEnums.swift; sourceTree = "<group>"; };
		3CA8E2A62759D4AB00F7478E /* Colorchip.swift */ = {isa = PBXFileReference; lastKnownFileType = sourcecode.swift; path = Colorchip.swift; sourceTree = "<group>"; };
		3CA8E2AE2759FD2100F7478E /* UIKitFuncs.swift */ = {isa = PBXFileReference; lastKnownFileType = sourcecode.swift; path = UIKitFuncs.swift; sourceTree = "<group>"; };
		3CBDEF6B275E00C70014308A /* ApplyFilterCell.swift */ = {isa = PBXFileReference; lastKnownFileType = sourcecode.swift; path = ApplyFilterCell.swift; sourceTree = "<group>"; };
		3CC5B4542768732D0000A9A3 /* AccountHistoryBody.swift */ = {isa = PBXFileReference; lastKnownFileType = sourcecode.swift; path = AccountHistoryBody.swift; sourceTree = "<group>"; };
		3CC5B456276873CB0000A9A3 /* AccountHistoryList.swift */ = {isa = PBXFileReference; lastKnownFileType = sourcecode.swift; path = AccountHistoryList.swift; sourceTree = "<group>"; };
		3CC5B4582768741B0000A9A3 /* AccountHistoryService.swift */ = {isa = PBXFileReference; lastKnownFileType = sourcecode.swift; path = AccountHistoryService.swift; sourceTree = "<group>"; };
		3CC5B45A2768744F0000A9A3 /* AccountHistoryModel.swift */ = {isa = PBXFileReference; lastKnownFileType = sourcecode.swift; path = AccountHistoryModel.swift; sourceTree = "<group>"; };
		3CDF96C927673A0000928066 /* DecodedAccountList.swift */ = {isa = PBXFileReference; lastKnownFileType = sourcecode.swift; path = DecodedAccountList.swift; sourceTree = "<group>"; };
/* End PBXFileReference section */

/* Begin PBXFrameworksBuildPhase section */
		3C95E4FF275856340007B483 /* Frameworks */ = {
			isa = PBXFrameworksBuildPhase;
			buildActionMask = 2147483647;
			files = (
			);
			runOnlyForDeploymentPostprocessing = 0;
		};
		3C95E515275856350007B483 /* Frameworks */ = {
			isa = PBXFrameworksBuildPhase;
			buildActionMask = 2147483647;
			files = (
			);
			runOnlyForDeploymentPostprocessing = 0;
		};
		3C95E51F275856350007B483 /* Frameworks */ = {
			isa = PBXFrameworksBuildPhase;
			buildActionMask = 2147483647;
			files = (
			);
			runOnlyForDeploymentPostprocessing = 0;
		};
/* End PBXFrameworksBuildPhase section */

/* Begin PBXGroup section */
		38B226C02771B96D00F7FDD7 /* Transfer */ = {
			isa = PBXGroup;
			children = (
				38B226C12771B9A300F7FDD7 /* TranferBody.swift */,
				38B226C32771B9AE00F7FDD7 /* TransferResult.swift */,
				38B226C52771B9BE00F7FDD7 /* TransferModel.swift */,
			);
			path = Transfer;
			sourceTree = "<group>";
		};
		3C059B59276832AE003FB4D0 /* API */ = {
			isa = PBXGroup;
			children = (
				38B226C02771B96D00F7FDD7 /* Transfer */,
				3CC5B4532768730E0000A9A3 /* AccountHistory */,
				3C059B5A276832BC003FB4D0 /* OTP */,
				3C2447AD2761E5DC001D2215 /* AccountList */,
			);
			path = API;
			sourceTree = "<group>";
		};
		3C059B5A276832BC003FB4D0 /* OTP */ = {
			isa = PBXGroup;
			children = (
				3C059B5C27683359003FB4D0 /* OTPBody.swift */,
				3C059B5F276833ED003FB4D0 /* OTPResult.swift */,
				3C059B612768340C003FB4D0 /* OTPModel.swift */,
			);
			path = OTP;
			sourceTree = "<group>";
		};
		3C2249DB27672EF400DD10EE /* skills */ = {
			isa = PBXGroup;
			children = (
				3CA8E2A62759D4AB00F7478E /* Colorchip.swift */,
				3C2249DE2767306D00DD10EE /* DetailFuncs.swift */,
				382ABFF3276C6DD900F92710 /* getList.swift */,
			);
			path = skills;
			sourceTree = "<group>";
		};
		3C2447AD2761E5DC001D2215 /* AccountList */ = {
			isa = PBXGroup;
			children = (
				3C2447AB2761E57A001D2215 /* AccountList.swift */,
				3C2447AE2761E5EE001D2215 /* AccountListModel.swift */,
				3CDF96C927673A0000928066 /* DecodedAccountList.swift */,
				383B832B2784414D00FE6363 /* AccountInfoForCell.swift */,
			);
			path = AccountList;
			sourceTree = "<group>";
		};
		3C95E4F9275856340007B483 = {
			isa = PBXGroup;
			children = (
				3C95E504275856340007B483 /* CastisBankTest */,
				3C95E51B275856350007B483 /* CastisBankTestTests */,
				3C95E525275856350007B483 /* CastisBankTestUITests */,
				3C95E503275856340007B483 /* Products */,
			);
			sourceTree = "<group>";
		};
		3C95E503275856340007B483 /* Products */ = {
			isa = PBXGroup;
			children = (
				3C95E502275856340007B483 /* CastisBankTest.app */,
				3C95E518275856350007B483 /* CastisBankTestTests.xctest */,
				3C95E522275856350007B483 /* CastisBankTestUITests.xctest */,
			);
			name = Products;
			sourceTree = "<group>";
		};
		3C95E504275856340007B483 /* CastisBankTest */ = {
			isa = PBXGroup;
			children = (
				3C95E5352758814C0007B483 /* 1. Model */,
				3C95E536275881550007B483 /* 2. View */,
				3C95E5372758815E0007B483 /* 3. Controller */,
				3C95E505275856340007B483 /* AppDelegate.swift */,
				3C95E507275856340007B483 /* SceneDelegate.swift */,
				3C95E50E275856350007B483 /* Assets.xcassets */,
				3C95E510275856350007B483 /* LaunchScreen.storyboard */,
				3C95E513275856350007B483 /* Info.plist */,
			);
			path = CastisBankTest;
			sourceTree = "<group>";
		};
		3C95E51B275856350007B483 /* CastisBankTestTests */ = {
			isa = PBXGroup;
			children = (
				3C95E51C275856350007B483 /* CastisBankTestTests.swift */,
			);
			path = CastisBankTestTests;
			sourceTree = "<group>";
		};
		3C95E525275856350007B483 /* CastisBankTestUITests */ = {
			isa = PBXGroup;
			children = (
				3C95E526275856350007B483 /* CastisBankTestUITests.swift */,
				3C95E528275856350007B483 /* CastisBankTestUITestsLaunchTests.swift */,
			);
			path = CastisBankTestUITests;
			sourceTree = "<group>";
		};
		3C95E5352758814C0007B483 /* 1. Model */ = {
			isa = PBXGroup;
			children = (
				3C059B59276832AE003FB4D0 /* API */,
				3C2249DB27672EF400DD10EE /* skills */,
				3CA8E2AA2759D51F00F7478E /* basicSettings */,
			);
			path = "1. Model";
			sourceTree = "<group>";
		};
		3C95E536275881550007B483 /* 2. View */ = {
			isa = PBXGroup;
			children = (
				3CA8E2AD2759FD0800F7478E /* UIKitFuncs */,
				3CA8E2AC2759FCF800F7478E /* Storyboard */,
				3CA8E2AB2759FCE400F7478E /* Cells */,
			);
			path = "2. View";
			sourceTree = "<group>";
		};
		3C95E5372758815E0007B483 /* 3. Controller */ = {
			isa = PBXGroup;
			children = (
				3C95E538275881890007B483 /* HomePageControllers */,
				3C95E53A275881D10007B483 /* AccountInfoControllers */,
				3C95E539275881990007B483 /* TransferPageControllers */,
			);
			path = "3. Controller";
			sourceTree = "<group>";
		};
		3C95E538275881890007B483 /* HomePageControllers */ = {
			isa = PBXGroup;
			children = (
				3C95E53B275882060007B483 /* HomePageViewController.swift */,
				3C95E53D275882240007B483 /* EditAccountOrderViewController.swift */,
				388669AE277DA25B00A12FD2 /* ColorChooseViewController.swift */,
			);
			path = HomePageControllers;
			sourceTree = "<group>";
		};
		3C95E539275881990007B483 /* TransferPageControllers */ = {
			isa = PBXGroup;
			children = (
				38B226C72771BE9200F7FDD7 /* SetAccountNumberViewController.swift */,
				3C95E545275882EA0007B483 /* SetRecieverViewController.swift */,
				3C95E547275883020007B483 /* SetSendingAmountViewController.swift */,
				3C95E549275883130007B483 /* SetSendingMemoViewController.swift */,
				3C95E54B2758833D0007B483 /* SeekTransferConsentViewController.swift */,
				3C95E54D275883580007B483 /* PutTransferPasswordViewController.swift */,
				3C95E54F275883670007B483 /* TransferSuccessViewController.swift */,
			);
			path = TransferPageControllers;
			sourceTree = "<group>";
		};
		3C95E53A275881D10007B483 /* AccountInfoControllers */ = {
			isa = PBXGroup;
			children = (
				3C95E53F275882500007B483 /* AccountUseViewController.swift */,
				3C95E541275882BC0007B483 /* SetFilterViewController.swift */,
				3C95E543275882D40007B483 /* UseDetailViewController.swift */,
			);
			path = AccountInfoControllers;
			sourceTree = "<group>";
		};
		3C95E5512758954F0007B483 /* HomePageCells */ = {
			isa = PBXGroup;
			children = (
				3C95E554275895F10007B483 /*  MainAccountCell.swift */,
				3C95E556275896060007B483 /* EditOrderCell.swift */,
				388669B0277DA27C00A12FD2 /* ColorCell.swift */,
			);
			path = HomePageCells;
			sourceTree = "<group>";
		};
		3C95E552275895B40007B483 /* TransferPageCells */ = {
			isa = PBXGroup;
			children = (
				3C95E558275896810007B483 /* TransferedAccountInfoCell.swift */,
				38B226CC2771C7C300F7FDD7 /* NumberCell.swift */,
			);
			path = TransferPageCells;
			sourceTree = "<group>";
		};
		3C95E553275895C30007B483 /* AccountInfoCells */ = {
			isa = PBXGroup;
			children = (
				3C95E55C275896C60007B483 /* AccountHIstoryCells */,
			);
			path = AccountInfoCells;
			sourceTree = "<group>";
		};
		3C95E55C275896C60007B483 /* AccountHIstoryCells */ = {
			isa = PBXGroup;
			children = (
				3C95E5682758B4660007B483 /* AccountUseCells */,
				3C95F409276196F400856A54 /* EditOrderCells */,
				3C95F407276196CA00856A54 /* setFilterCells */,
				3C95F408276196E300856A54 /* DetailCells */,
			);
			path = AccountHIstoryCells;
			sourceTree = "<group>";
		};
		3C95E5682758B4660007B483 /* AccountUseCells */ = {
			isa = PBXGroup;
			children = (
				3C95E55D275896F50007B483 /* SelectedInfoCell.swift */,
				3C95E563275897590007B483 /* SelectedFilterCell.swift */,
				3C95E561275897340007B483 /* TransferHistoryCell.swift */,
			);
			path = AccountUseCells;
			sourceTree = "<group>";
		};
		3C95F407276196CA00856A54 /* setFilterCells */ = {
			isa = PBXGroup;
			children = (
				3C95E55F275897230007B483 /* SetFilterCell.swift */,
				3CBDEF6B275E00C70014308A /* ApplyFilterCell.swift */,
			);
			path = setFilterCells;
			sourceTree = "<group>";
		};
		3C95F408276196E300856A54 /* DetailCells */ = {
			isa = PBXGroup;
			children = (
				3C95E565275899D20007B483 /* DetailTransferInfoCell.swift */,
			);
			path = DetailCells;
			sourceTree = "<group>";
		};
		3C95F409276196F400856A54 /* EditOrderCells */ = {
			isa = PBXGroup;
			children = (
				3C95E55A275896B50007B483 /* SetOrderCell.swift */,
			);
			path = EditOrderCells;
			sourceTree = "<group>";
		};
		3CA8E2AA2759D51F00F7478E /* basicSettings */ = {
			isa = PBXGroup;
			children = (
				3C9B17A7276073CB006F8517 /* ControlEnums.swift */,
				38B226B427716D5200F7FDD7 /* userInfo.swift */,
				38B226B627718DC600F7FDD7 /* Accounts.swift */,
			);
			path = basicSettings;
			sourceTree = "<group>";
		};
		3CA8E2AB2759FCE400F7478E /* Cells */ = {
			isa = PBXGroup;
			children = (
				3C95E5512758954F0007B483 /* HomePageCells */,
				3C95E552275895B40007B483 /* TransferPageCells */,
				3C95E553275895C30007B483 /* AccountInfoCells */,
			);
			path = Cells;
			sourceTree = "<group>";
		};
		3CA8E2AC2759FCF800F7478E /* Storyboard */ = {
			isa = PBXGroup;
			children = (
				3C95E50B275856340007B483 /* Main.storyboard */,
			);
			path = Storyboard;
			sourceTree = "<group>";
		};
		3CA8E2AD2759FD0800F7478E /* UIKitFuncs */ = {
			isa = PBXGroup;
			children = (
				3CA8E2AE2759FD2100F7478E /* UIKitFuncs.swift */,
			);
			path = UIKitFuncs;
			sourceTree = "<group>";
		};
		3CC5B4532768730E0000A9A3 /* AccountHistory */ = {
			isa = PBXGroup;
			children = (
				3CC5B4542768732D0000A9A3 /* AccountHistoryBody.swift */,
				3CC5B456276873CB0000A9A3 /* AccountHistoryList.swift */,
				3CC5B4582768741B0000A9A3 /* AccountHistoryService.swift */,
				3CC5B45A2768744F0000A9A3 /* AccountHistoryModel.swift */,
			);
			path = AccountHistory;
			sourceTree = "<group>";
		};
/* End PBXGroup section */

/* Begin PBXNativeTarget section */
		3C95E501275856340007B483 /* CastisBankTest */ = {
			isa = PBXNativeTarget;
			buildConfigurationList = 3C95E52C275856350007B483 /* Build configuration list for PBXNativeTarget "CastisBankTest" */;
			buildPhases = (
				3C95E4FE275856340007B483 /* Sources */,
				3C95E4FF275856340007B483 /* Frameworks */,
				3C95E500275856340007B483 /* Resources */,
			);
			buildRules = (
			);
			dependencies = (
			);
			name = CastisBankTest;
			productName = CastisBankTest;
			productReference = 3C95E502275856340007B483 /* CastisBankTest.app */;
			productType = "com.apple.product-type.application";
		};
		3C95E517275856350007B483 /* CastisBankTestTests */ = {
			isa = PBXNativeTarget;
			buildConfigurationList = 3C95E52F275856350007B483 /* Build configuration list for PBXNativeTarget "CastisBankTestTests" */;
			buildPhases = (
				3C95E514275856350007B483 /* Sources */,
				3C95E515275856350007B483 /* Frameworks */,
				3C95E516275856350007B483 /* Resources */,
			);
			buildRules = (
			);
			dependencies = (
				3C95E51A275856350007B483 /* PBXTargetDependency */,
			);
			name = CastisBankTestTests;
			productName = CastisBankTestTests;
			productReference = 3C95E518275856350007B483 /* CastisBankTestTests.xctest */;
			productType = "com.apple.product-type.bundle.unit-test";
		};
		3C95E521275856350007B483 /* CastisBankTestUITests */ = {
			isa = PBXNativeTarget;
			buildConfigurationList = 3C95E532275856350007B483 /* Build configuration list for PBXNativeTarget "CastisBankTestUITests" */;
			buildPhases = (
				3C95E51E275856350007B483 /* Sources */,
				3C95E51F275856350007B483 /* Frameworks */,
				3C95E520275856350007B483 /* Resources */,
			);
			buildRules = (
			);
			dependencies = (
				3C95E524275856350007B483 /* PBXTargetDependency */,
			);
			name = CastisBankTestUITests;
			productName = CastisBankTestUITests;
			productReference = 3C95E522275856350007B483 /* CastisBankTestUITests.xctest */;
			productType = "com.apple.product-type.bundle.ui-testing";
		};
/* End PBXNativeTarget section */

/* Begin PBXProject section */
		3C95E4FA275856340007B483 /* Project object */ = {
			isa = PBXProject;
			attributes = {
				BuildIndependentTargetsInParallel = 1;
				LastSwiftUpdateCheck = 1310;
				LastUpgradeCheck = 1310;
				TargetAttributes = {
					3C95E501275856340007B483 = {
						CreatedOnToolsVersion = 13.1;
						LastSwiftMigration = 1320;
					};
					3C95E517275856350007B483 = {
						CreatedOnToolsVersion = 13.1;
						TestTargetID = 3C95E501275856340007B483;
					};
					3C95E521275856350007B483 = {
						CreatedOnToolsVersion = 13.1;
						TestTargetID = 3C95E501275856340007B483;
					};
				};
			};
			buildConfigurationList = 3C95E4FD275856340007B483 /* Build configuration list for PBXProject "CastisBankTest" */;
			compatibilityVersion = "Xcode 13.0";
			developmentRegion = en;
			hasScannedForEncodings = 0;
			knownRegions = (
				en,
				Base,
			);
			mainGroup = 3C95E4F9275856340007B483;
			productRefGroup = 3C95E503275856340007B483 /* Products */;
			projectDirPath = "";
			projectRoot = "";
			targets = (
				3C95E501275856340007B483 /* CastisBankTest */,
				3C95E517275856350007B483 /* CastisBankTestTests */,
				3C95E521275856350007B483 /* CastisBankTestUITests */,
			);
		};
/* End PBXProject section */

/* Begin PBXResourcesBuildPhase section */
		3C95E500275856340007B483 /* Resources */ = {
			isa = PBXResourcesBuildPhase;
			buildActionMask = 2147483647;
			files = (
				3C95E512275856350007B483 /* LaunchScreen.storyboard in Resources */,
				3C95E50F275856350007B483 /* Assets.xcassets in Resources */,
				3C95E50D275856340007B483 /* Main.storyboard in Resources */,
			);
			runOnlyForDeploymentPostprocessing = 0;
		};
		3C95E516275856350007B483 /* Resources */ = {
			isa = PBXResourcesBuildPhase;
			buildActionMask = 2147483647;
			files = (
			);
			runOnlyForDeploymentPostprocessing = 0;
		};
		3C95E520275856350007B483 /* Resources */ = {
			isa = PBXResourcesBuildPhase;
			buildActionMask = 2147483647;
			files = (
			);
			runOnlyForDeploymentPostprocessing = 0;
		};
/* End PBXResourcesBuildPhase section */

/* Begin PBXSourcesBuildPhase section */
		3C95E4FE275856340007B483 /* Sources */ = {
			isa = PBXSourcesBuildPhase;
			buildActionMask = 2147483647;
			files = (
				3C95E54C2758833D0007B483 /* SeekTransferConsentViewController.swift in Sources */,
				3C95E550275883670007B483 /* TransferSuccessViewController.swift in Sources */,
				3C95E53C275882060007B483 /* HomePageViewController.swift in Sources */,
				3CA8E2AF2759FD2100F7478E /* UIKitFuncs.swift in Sources */,
				3C95E555275895F10007B483 /*  MainAccountCell.swift in Sources */,
				38B226B527716D5200F7FDD7 /* userInfo.swift in Sources */,
				3CC5B457276873CB0000A9A3 /* AccountHistoryList.swift in Sources */,
				3CDF96CA27673A0000928066 /* DecodedAccountList.swift in Sources */,
				382ABFF4276C6DD900F92710 /* getList.swift in Sources */,
				3C95E562275897340007B483 /* TransferHistoryCell.swift in Sources */,
				3C95E564275897590007B483 /* SelectedFilterCell.swift in Sources */,
				3C2447AC2761E57A001D2215 /* AccountList.swift in Sources */,
				38B226C42771B9AE00F7FDD7 /* TransferResult.swift in Sources */,
				3CC5B4592768741B0000A9A3 /* AccountHistoryService.swift in Sources */,
				3C95E54E275883580007B483 /* PutTransferPasswordViewController.swift in Sources */,
				3C95E548275883020007B483 /* SetSendingAmountViewController.swift in Sources */,
				3C95E540275882500007B483 /* AccountUseViewController.swift in Sources */,
				3C95E53E275882240007B483 /* EditAccountOrderViewController.swift in Sources */,
				3C95E557275896060007B483 /* EditOrderCell.swift in Sources */,
				383B832C2784414D00FE6363 /* AccountInfoForCell.swift in Sources */,
				38B226C22771B9A300F7FDD7 /* TranferBody.swift in Sources */,
				3C95E559275896810007B483 /* TransferedAccountInfoCell.swift in Sources */,
				3CC5B4552768732D0000A9A3 /* AccountHistoryBody.swift in Sources */,
				38B226C82771BE9200F7FDD7 /* SetAccountNumberViewController.swift in Sources */,
				3CC5B45B2768744F0000A9A3 /* AccountHistoryModel.swift in Sources */,
				388669B1277DA27C00A12FD2 /* ColorCell.swift in Sources */,
				3C059B60276833ED003FB4D0 /* OTPResult.swift in Sources */,
				3C95E55E275896F50007B483 /* SelectedInfoCell.swift in Sources */,
				3C95E566275899D20007B483 /* DetailTransferInfoCell.swift in Sources */,
				3C95E54A275883130007B483 /* SetSendingMemoViewController.swift in Sources */,
				3C9B17A8276073CB006F8517 /* ControlEnums.swift in Sources */,
				38B226B727718DC600F7FDD7 /* Accounts.swift in Sources */,
				3CBDEF6C275E00C70014308A /* ApplyFilterCell.swift in Sources */,
				388669AF277DA25B00A12FD2 /* ColorChooseViewController.swift in Sources */,
				38B226CD2771C7C300F7FDD7 /* NumberCell.swift in Sources */,
				3C059B5D27683359003FB4D0 /* OTPBody.swift in Sources */,
				3C95E506275856340007B483 /* AppDelegate.swift in Sources */,
				3C95E542275882BC0007B483 /* SetFilterViewController.swift in Sources */,
				3C2447AF2761E5EE001D2215 /* AccountListModel.swift in Sources */,
				3C95E55B275896B50007B483 /* SetOrderCell.swift in Sources */,
				38B226C62771B9BE00F7FDD7 /* TransferModel.swift in Sources */,
				3C95E508275856340007B483 /* SceneDelegate.swift in Sources */,
				3C95E544275882D40007B483 /* UseDetailViewController.swift in Sources */,
				3CA8E2A72759D4AB00F7478E /* Colorchip.swift in Sources */,
				3C95E560275897230007B483 /* SetFilterCell.swift in Sources */,
				3C059B622768340C003FB4D0 /* OTPModel.swift in Sources */,
				3C2249DF2767306D00DD10EE /* DetailFuncs.swift in Sources */,
				3C95E546275882EA0007B483 /* SetRecieverViewController.swift in Sources */,
			);
			runOnlyForDeploymentPostprocessing = 0;
		};
		3C95E514275856350007B483 /* Sources */ = {
			isa = PBXSourcesBuildPhase;
			buildActionMask = 2147483647;
			files = (
				3C95E51D275856350007B483 /* CastisBankTestTests.swift in Sources */,
			);
			runOnlyForDeploymentPostprocessing = 0;
		};
		3C95E51E275856350007B483 /* Sources */ = {
			isa = PBXSourcesBuildPhase;
			buildActionMask = 2147483647;
			files = (
				3C95E527275856350007B483 /* CastisBankTestUITests.swift in Sources */,
				3C95E529275856350007B483 /* CastisBankTestUITestsLaunchTests.swift in Sources */,
			);
			runOnlyForDeploymentPostprocessing = 0;
		};
/* End PBXSourcesBuildPhase section */

/* Begin PBXTargetDependency section */
		3C95E51A275856350007B483 /* PBXTargetDependency */ = {
			isa = PBXTargetDependency;
			target = 3C95E501275856340007B483 /* CastisBankTest */;
			targetProxy = 3C95E519275856350007B483 /* PBXContainerItemProxy */;
		};
		3C95E524275856350007B483 /* PBXTargetDependency */ = {
			isa = PBXTargetDependency;
			target = 3C95E501275856340007B483 /* CastisBankTest */;
			targetProxy = 3C95E523275856350007B483 /* PBXContainerItemProxy */;
		};
/* End PBXTargetDependency section */

/* Begin PBXVariantGroup section */
		3C95E50B275856340007B483 /* Main.storyboard */ = {
			isa = PBXVariantGroup;
			children = (
				3C95E50C275856340007B483 /* Base */,
			);
			name = Main.storyboard;
			sourceTree = "<group>";
		};
		3C95E510275856350007B483 /* LaunchScreen.storyboard */ = {
			isa = PBXVariantGroup;
			children = (
				3C95E511275856350007B483 /* Base */,
			);
			name = LaunchScreen.storyboard;
			sourceTree = "<group>";
		};
/* End PBXVariantGroup section */

/* Begin XCBuildConfiguration section */
		3C95E52A275856350007B483 /* Debug */ = {
			isa = XCBuildConfiguration;
			buildSettings = {
				ALWAYS_SEARCH_USER_PATHS = NO;
				CLANG_ANALYZER_NONNULL = YES;
				CLANG_ANALYZER_NUMBER_OBJECT_CONVERSION = YES_AGGRESSIVE;
				CLANG_CXX_LANGUAGE_STANDARD = "gnu++17";
				CLANG_CXX_LIBRARY = "libc++";
				CLANG_ENABLE_MODULES = YES;
				CLANG_ENABLE_OBJC_ARC = YES;
				CLANG_ENABLE_OBJC_WEAK = YES;
				CLANG_WARN_BLOCK_CAPTURE_AUTORELEASING = YES;
				CLANG_WARN_BOOL_CONVERSION = YES;
				CLANG_WARN_COMMA = YES;
				CLANG_WARN_CONSTANT_CONVERSION = YES;
				CLANG_WARN_DEPRECATED_OBJC_IMPLEMENTATIONS = YES;
				CLANG_WARN_DIRECT_OBJC_ISA_USAGE = YES_ERROR;
				CLANG_WARN_DOCUMENTATION_COMMENTS = YES;
				CLANG_WARN_EMPTY_BODY = YES;
				CLANG_WARN_ENUM_CONVERSION = YES;
				CLANG_WARN_INFINITE_RECURSION = YES;
				CLANG_WARN_INT_CONVERSION = YES;
				CLANG_WARN_NON_LITERAL_NULL_CONVERSION = YES;
				CLANG_WARN_OBJC_IMPLICIT_RETAIN_SELF = YES;
				CLANG_WARN_OBJC_LITERAL_CONVERSION = YES;
				CLANG_WARN_OBJC_ROOT_CLASS = YES_ERROR;
				CLANG_WARN_QUOTED_INCLUDE_IN_FRAMEWORK_HEADER = YES;
				CLANG_WARN_RANGE_LOOP_ANALYSIS = YES;
				CLANG_WARN_STRICT_PROTOTYPES = YES;
				CLANG_WARN_SUSPICIOUS_MOVE = YES;
				CLANG_WARN_UNGUARDED_AVAILABILITY = YES_AGGRESSIVE;
				CLANG_WARN_UNREACHABLE_CODE = YES;
				CLANG_WARN__DUPLICATE_METHOD_MATCH = YES;
				COPY_PHASE_STRIP = NO;
				DEBUG_INFORMATION_FORMAT = dwarf;
				ENABLE_STRICT_OBJC_MSGSEND = YES;
				ENABLE_TESTABILITY = YES;
				GCC_C_LANGUAGE_STANDARD = gnu11;
				GCC_DYNAMIC_NO_PIC = NO;
				GCC_NO_COMMON_BLOCKS = YES;
				GCC_OPTIMIZATION_LEVEL = 0;
				GCC_PREPROCESSOR_DEFINITIONS = (
					"DEBUG=1",
					"$(inherited)",
				);
				GCC_WARN_64_TO_32_BIT_CONVERSION = YES;
				GCC_WARN_ABOUT_RETURN_TYPE = YES_ERROR;
				GCC_WARN_UNDECLARED_SELECTOR = YES;
				GCC_WARN_UNINITIALIZED_AUTOS = YES_AGGRESSIVE;
				GCC_WARN_UNUSED_FUNCTION = YES;
				GCC_WARN_UNUSED_VARIABLE = YES;
				IPHONEOS_DEPLOYMENT_TARGET = 15.0;
				MTL_ENABLE_DEBUG_INFO = INCLUDE_SOURCE;
				MTL_FAST_MATH = YES;
				ONLY_ACTIVE_ARCH = YES;
				SDKROOT = iphoneos;
				SWIFT_ACTIVE_COMPILATION_CONDITIONS = DEBUG;
				SWIFT_OPTIMIZATION_LEVEL = "-Onone";
			};
			name = Debug;
		};
		3C95E52B275856350007B483 /* Release */ = {
			isa = XCBuildConfiguration;
			buildSettings = {
				ALWAYS_SEARCH_USER_PATHS = NO;
				CLANG_ANALYZER_NONNULL = YES;
				CLANG_ANALYZER_NUMBER_OBJECT_CONVERSION = YES_AGGRESSIVE;
				CLANG_CXX_LANGUAGE_STANDARD = "gnu++17";
				CLANG_CXX_LIBRARY = "libc++";
				CLANG_ENABLE_MODULES = YES;
				CLANG_ENABLE_OBJC_ARC = YES;
				CLANG_ENABLE_OBJC_WEAK = YES;
				CLANG_WARN_BLOCK_CAPTURE_AUTORELEASING = YES;
				CLANG_WARN_BOOL_CONVERSION = YES;
				CLANG_WARN_COMMA = YES;
				CLANG_WARN_CONSTANT_CONVERSION = YES;
				CLANG_WARN_DEPRECATED_OBJC_IMPLEMENTATIONS = YES;
				CLANG_WARN_DIRECT_OBJC_ISA_USAGE = YES_ERROR;
				CLANG_WARN_DOCUMENTATION_COMMENTS = YES;
				CLANG_WARN_EMPTY_BODY = YES;
				CLANG_WARN_ENUM_CONVERSION = YES;
				CLANG_WARN_INFINITE_RECURSION = YES;
				CLANG_WARN_INT_CONVERSION = YES;
				CLANG_WARN_NON_LITERAL_NULL_CONVERSION = YES;
				CLANG_WARN_OBJC_IMPLICIT_RETAIN_SELF = YES;
				CLANG_WARN_OBJC_LITERAL_CONVERSION = YES;
				CLANG_WARN_OBJC_ROOT_CLASS = YES_ERROR;
				CLANG_WARN_QUOTED_INCLUDE_IN_FRAMEWORK_HEADER = YES;
				CLANG_WARN_RANGE_LOOP_ANALYSIS = YES;
				CLANG_WARN_STRICT_PROTOTYPES = YES;
				CLANG_WARN_SUSPICIOUS_MOVE = YES;
				CLANG_WARN_UNGUARDED_AVAILABILITY = YES_AGGRESSIVE;
				CLANG_WARN_UNREACHABLE_CODE = YES;
				CLANG_WARN__DUPLICATE_METHOD_MATCH = YES;
				COPY_PHASE_STRIP = NO;
				DEBUG_INFORMATION_FORMAT = "dwarf-with-dsym";
				ENABLE_NS_ASSERTIONS = NO;
				ENABLE_STRICT_OBJC_MSGSEND = YES;
				GCC_C_LANGUAGE_STANDARD = gnu11;
				GCC_NO_COMMON_BLOCKS = YES;
				GCC_WARN_64_TO_32_BIT_CONVERSION = YES;
				GCC_WARN_ABOUT_RETURN_TYPE = YES_ERROR;
				GCC_WARN_UNDECLARED_SELECTOR = YES;
				GCC_WARN_UNINITIALIZED_AUTOS = YES_AGGRESSIVE;
				GCC_WARN_UNUSED_FUNCTION = YES;
				GCC_WARN_UNUSED_VARIABLE = YES;
				IPHONEOS_DEPLOYMENT_TARGET = 15.0;
				MTL_ENABLE_DEBUG_INFO = NO;
				MTL_FAST_MATH = YES;
				SDKROOT = iphoneos;
				SWIFT_COMPILATION_MODE = wholemodule;
				SWIFT_OPTIMIZATION_LEVEL = "-O";
				VALIDATE_PRODUCT = YES;
			};
			name = Release;
		};
		3C95E52D275856350007B483 /* Debug */ = {
			isa = XCBuildConfiguration;
			buildSettings = {
				ASSETCATALOG_COMPILER_APPICON_NAME = AppIcon;
				ASSETCATALOG_COMPILER_GLOBAL_ACCENT_COLOR_NAME = AccentColor;
				CLANG_ENABLE_MODULES = YES;
				CODE_SIGN_STYLE = Automatic;
				CURRENT_PROJECT_VERSION = 1;
				DEVELOPMENT_TEAM = PKQ5ZDCU29;
				GENERATE_INFOPLIST_FILE = YES;
				INFOPLIST_FILE = CastisBankTest/Info.plist;
				INFOPLIST_KEY_UIApplicationSupportsIndirectInputEvents = YES;
				INFOPLIST_KEY_UILaunchStoryboardName = LaunchScreen;
				INFOPLIST_KEY_UIMainStoryboardFile = Main;
				INFOPLIST_KEY_UISupportedInterfaceOrientations_iPad = "UIInterfaceOrientationPortrait UIInterfaceOrientationPortraitUpsideDown UIInterfaceOrientationLandscapeLeft UIInterfaceOrientationLandscapeRight";
				INFOPLIST_KEY_UISupportedInterfaceOrientations_iPhone = "UIInterfaceOrientationPortrait UIInterfaceOrientationLandscapeLeft UIInterfaceOrientationLandscapeRight";
				LD_RUNPATH_SEARCH_PATHS = (
					"$(inherited)",
					"@executable_path/Frameworks",
				);
				MARKETING_VERSION = 1.0;
				PRODUCT_BUNDLE_IDENTIFIER = jewonTak.CastisBankTest;
				PRODUCT_NAME = "$(TARGET_NAME)";
				SWIFT_EMIT_LOC_STRINGS = YES;
				SWIFT_OPTIMIZATION_LEVEL = "-Onone";
				SWIFT_VERSION = 5.0;
				TARGETED_DEVICE_FAMILY = "1,2";
			};
			name = Debug;
		};
		3C95E52E275856350007B483 /* Release */ = {
			isa = XCBuildConfiguration;
			buildSettings = {
				ASSETCATALOG_COMPILER_APPICON_NAME = AppIcon;
				ASSETCATALOG_COMPILER_GLOBAL_ACCENT_COLOR_NAME = AccentColor;
				CLANG_ENABLE_MODULES = YES;
				CODE_SIGN_STYLE = Automatic;
				CURRENT_PROJECT_VERSION = 1;
				DEVELOPMENT_TEAM = PKQ5ZDCU29;
				GENERATE_INFOPLIST_FILE = YES;
				INFOPLIST_FILE = CastisBankTest/Info.plist;
				INFOPLIST_KEY_UIApplicationSupportsIndirectInputEvents = YES;
				INFOPLIST_KEY_UILaunchStoryboardName = LaunchScreen;
				INFOPLIST_KEY_UIMainStoryboardFile = Main;
				INFOPLIST_KEY_UISupportedInterfaceOrientations_iPad = "UIInterfaceOrientationPortrait UIInterfaceOrientationPortraitUpsideDown UIInterfaceOrientationLandscapeLeft UIInterfaceOrientationLandscapeRight";
				INFOPLIST_KEY_UISupportedInterfaceOrientations_iPhone = "UIInterfaceOrientationPortrait UIInterfaceOrientationLandscapeLeft UIInterfaceOrientationLandscapeRight";
				LD_RUNPATH_SEARCH_PATHS = (
					"$(inherited)",
					"@executable_path/Frameworks",
				);
				MARKETING_VERSION = 1.0;
				PRODUCT_BUNDLE_IDENTIFIER = jewonTak.CastisBankTest;
				PRODUCT_NAME = "$(TARGET_NAME)";
				SWIFT_EMIT_LOC_STRINGS = YES;
				SWIFT_VERSION = 5.0;
				TARGETED_DEVICE_FAMILY = "1,2";
			};
			name = Release;
		};
		3C95E530275856350007B483 /* Debug */ = {
			isa = XCBuildConfiguration;
			buildSettings = {
				ALWAYS_EMBED_SWIFT_STANDARD_LIBRARIES = YES;
				BUNDLE_LOADER = "$(TEST_HOST)";
				CODE_SIGN_STYLE = Automatic;
				CURRENT_PROJECT_VERSION = 1;
				DEVELOPMENT_TEAM = PKQ5ZDCU29;
				GENERATE_INFOPLIST_FILE = YES;
				IPHONEOS_DEPLOYMENT_TARGET = 15.0;
				LD_RUNPATH_SEARCH_PATHS = (
					"$(inherited)",
					"@executable_path/Frameworks",
					"@loader_path/Frameworks",
				);
				MARKETING_VERSION = 1.0;
				PRODUCT_BUNDLE_IDENTIFIER = jewonTak.CastisBankTestTests;
				PRODUCT_NAME = "$(TARGET_NAME)";
				SWIFT_EMIT_LOC_STRINGS = NO;
				SWIFT_VERSION = 5.0;
				TARGETED_DEVICE_FAMILY = "1,2";
				TEST_HOST = "$(BUILT_PRODUCTS_DIR)/CastisBankTest.app/CastisBankTest";
			};
			name = Debug;
		};
		3C95E531275856350007B483 /* Release */ = {
			isa = XCBuildConfiguration;
			buildSettings = {
				ALWAYS_EMBED_SWIFT_STANDARD_LIBRARIES = YES;
				BUNDLE_LOADER = "$(TEST_HOST)";
				CODE_SIGN_STYLE = Automatic;
				CURRENT_PROJECT_VERSION = 1;
				DEVELOPMENT_TEAM = PKQ5ZDCU29;
				GENERATE_INFOPLIST_FILE = YES;
				IPHONEOS_DEPLOYMENT_TARGET = 15.0;
				LD_RUNPATH_SEARCH_PATHS = (
					"$(inherited)",
					"@executable_path/Frameworks",
					"@loader_path/Frameworks",
				);
				MARKETING_VERSION = 1.0;
				PRODUCT_BUNDLE_IDENTIFIER = jewonTak.CastisBankTestTests;
				PRODUCT_NAME = "$(TARGET_NAME)";
				SWIFT_EMIT_LOC_STRINGS = NO;
				SWIFT_VERSION = 5.0;
				TARGETED_DEVICE_FAMILY = "1,2";
				TEST_HOST = "$(BUILT_PRODUCTS_DIR)/CastisBankTest.app/CastisBankTest";
			};
			name = Release;
		};
		3C95E533275856350007B483 /* Debug */ = {
			isa = XCBuildConfiguration;
			buildSettings = {
				ALWAYS_EMBED_SWIFT_STANDARD_LIBRARIES = YES;
				CODE_SIGN_STYLE = Automatic;
				CURRENT_PROJECT_VERSION = 1;
				DEVELOPMENT_TEAM = PKQ5ZDCU29;
				GENERATE_INFOPLIST_FILE = YES;
				LD_RUNPATH_SEARCH_PATHS = (
					"$(inherited)",
					"@executable_path/Frameworks",
					"@loader_path/Frameworks",
				);
				MARKETING_VERSION = 1.0;
				PRODUCT_BUNDLE_IDENTIFIER = jewonTak.CastisBankTestUITests;
				PRODUCT_NAME = "$(TARGET_NAME)";
				SWIFT_EMIT_LOC_STRINGS = NO;
				SWIFT_VERSION = 5.0;
				TARGETED_DEVICE_FAMILY = "1,2";
				TEST_TARGET_NAME = CastisBankTest;
			};
			name = Debug;
		};
		3C95E534275856350007B483 /* Release */ = {
			isa = XCBuildConfiguration;
			buildSettings = {
				ALWAYS_EMBED_SWIFT_STANDARD_LIBRARIES = YES;
				CODE_SIGN_STYLE = Automatic;
				CURRENT_PROJECT_VERSION = 1;
				DEVELOPMENT_TEAM = PKQ5ZDCU29;
				GENERATE_INFOPLIST_FILE = YES;
				LD_RUNPATH_SEARCH_PATHS = (
					"$(inherited)",
					"@executable_path/Frameworks",
					"@loader_path/Frameworks",
				);
				MARKETING_VERSION = 1.0;
				PRODUCT_BUNDLE_IDENTIFIER = jewonTak.CastisBankTestUITests;
				PRODUCT_NAME = "$(TARGET_NAME)";
				SWIFT_EMIT_LOC_STRINGS = NO;
				SWIFT_VERSION = 5.0;
				TARGETED_DEVICE_FAMILY = "1,2";
				TEST_TARGET_NAME = CastisBankTest;
			};
			name = Release;
		};
/* End XCBuildConfiguration section */

/* Begin XCConfigurationList section */
		3C95E4FD275856340007B483 /* Build configuration list for PBXProject "CastisBankTest" */ = {
			isa = XCConfigurationList;
			buildConfigurations = (
				3C95E52A275856350007B483 /* Debug */,
				3C95E52B275856350007B483 /* Release */,
			);
			defaultConfigurationIsVisible = 0;
			defaultConfigurationName = Release;
		};
		3C95E52C275856350007B483 /* Build configuration list for PBXNativeTarget "CastisBankTest" */ = {
			isa = XCConfigurationList;
			buildConfigurations = (
				3C95E52D275856350007B483 /* Debug */,
				3C95E52E275856350007B483 /* Release */,
			);
			defaultConfigurationIsVisible = 0;
			defaultConfigurationName = Release;
		};
		3C95E52F275856350007B483 /* Build configuration list for PBXNativeTarget "CastisBankTestTests" */ = {
			isa = XCConfigurationList;
			buildConfigurations = (
				3C95E530275856350007B483 /* Debug */,
				3C95E531275856350007B483 /* Release */,
			);
			defaultConfigurationIsVisible = 0;
			defaultConfigurationName = Release;
		};
		3C95E532275856350007B483 /* Build configuration list for PBXNativeTarget "CastisBankTestUITests" */ = {
			isa = XCConfigurationList;
			buildConfigurations = (
				3C95E533275856350007B483 /* Debug */,
				3C95E534275856350007B483 /* Release */,
			);
			defaultConfigurationIsVisible = 0;
			defaultConfigurationName = Release;
		};
/* End XCConfigurationList section */
	};
	rootObject = 3C95E4FA275856340007B483 /* Project object */;
}
